Microsoft Visual Studio Solution File, Format Version 12.00
# Visual Studio 15
VisualStudioVersion = 15.0.35826.109
MinimumVisualStudioVersion = 10.0.40219.1
Project("{2150E333-8FDC-42A3-9474-1A3956D46DE8}") = "!docs", "!docs", "{00000C13-EEEE-BBBB-6667-D00000000000}"
	ProjectSection(SolutionItems) = preProject
		..\!docs\ebo_tut_prj_sets.txt = ..\!docs\ebo_tut_prj_sets.txt
		..\!docs\ebo_tut_sol_arch.txt = ..\!docs\ebo_tut_sol_arch.txt
	EndProjectSection
EndProject
Project("{2150E333-8FDC-42A3-9474-1A3956D46DE8}") = "_shared", "_shared", "{00000C13-EEEE-BBBB-6667-100000000000}"
	ProjectSection(SolutionItems) = preProject
		..\_shared\__read_me.txt = ..\_shared\__read_me.txt
	EndProjectSection
EndProject
Project("{2150E333-8FDC-42A3-9474-1A3956D46DE8}") = "tutors", "tutors", "{00000C13-EEEE-BBBB-6667-100000000001}"
EndProject
Project("{2150E333-8FDC-42A3-9474-1A3956D46DE8}") = "DirectX", "DirectX", "{00000C13-EEEE-BBBB-6667-100000000003}"
EndProject
Project("{2150E333-8FDC-42A3-9474-1A3956D46DE8}") = "OpenGL", "OpenGL", "{00000C13-EEEE-BBBB-6667-100000000002}"
EndProject
Project("{8BC9CEB8-8B4A-11D0-8D11-00A0C91BC942}") = "shared.trim_v15", "..\_shared\shared.trim_v15.vcxproj", "{00000C13-EEEE-BBBB-6667-0000000B0001}"
EndProject
Project("{8BC9CEB8-8B4A-11D0-8D11-00A0C91BC942}") = "gl.shared_v15", "open_gl.shared\gl.shared_v15.vcxproj", "{00000C13-EEEE-BBBB-6667-0000000B0002}"
	ProjectSection(ProjectDependencies) = postProject
		{00000C13-EEEE-BBBB-6667-0000000B0001} = {00000C13-EEEE-BBBB-6667-0000000B0001}
	EndProjectSection
EndProject
Project("{8BC9CEB8-8B4A-11D0-8D11-00A0C91BC942}") = "gl.tutor.0.fake", "tutor.0.fake\gl.tutor.0.fake.vcxproj", "{00000C13-EEEE-BBBB-6667-0000000B0003}"
	ProjectSection(ProjectDependencies) = postProject
		{00000C13-EEEE-BBBB-6667-0000000B0001} = {00000C13-EEEE-BBBB-6667-0000000B0001}
		{00000C13-EEEE-BBBB-6667-0000000B0002} = {00000C13-EEEE-BBBB-6667-0000000B0002}
	EndProjectSection
EndProject
Project("{8BC9CEB8-8B4A-11D0-8D11-00A0C91BC942}") = "gl.tutor.0.fake.lib", "tutor.0.fake\gl.tutor.0.fake.lib.vcxproj", "{00000C13-EEEE-BBBB-6667-0000000C0003}"
	ProjectSection(ProjectDependencies) = postProject
		{00000C13-EEEE-BBBB-6667-0000000B0001} = {00000C13-EEEE-BBBB-6667-0000000B0001}
		{00000C13-EEEE-BBBB-6667-0000000B0002} = {00000C13-EEEE-BBBB-6667-0000000B0002}
	EndProjectSection
EndProject
Project("{8BC9CEB8-8B4A-11D0-8D11-00A0C91BC942}") = "gl.tutor.1.shader", "tutor.1.shader\gl.tutor.1.shader.vcxproj", "{00000C13-EEEE-BBBB-6667-0000000B0004}"
	ProjectSection(ProjectDependencies) = postProject
		{00000C13-EEEE-BBBB-6667-0000000B0001} = {00000C13-EEEE-BBBB-6667-0000000B0001}
		{00000C13-EEEE-BBBB-6667-0000000B0002} = {00000C13-EEEE-BBBB-6667-0000000B0002}
		{00000C13-EEEE-BBBB-6667-0000000C0003} = {00000C13-EEEE-BBBB-6667-0000000C0003}
	EndProjectSection
EndProject
Global
	GlobalSection(SolutionConfigurationPlatforms) = preSolution
		Debug|x64 = Debug|x64
		Debug|x86 = Debug|x86
		Release|x64 = Release|x64
		Release|x86 = Release|x86
	EndGlobalSection
	GlobalSection(ProjectConfigurationPlatforms) = postSolution
		{00000C13-EEEE-BBBB-6667-0000000B0001}.Debug|x64.ActiveCfg = Debug|x64
		{00000C13-EEEE-BBBB-6667-0000000B0001}.Debug|x64.Build.0 = Debug|x64
		{00000C13-EEEE-BBBB-6667-0000000B0001}.Debug|x86.ActiveCfg = Debug|Win32
		{00000C13-EEEE-BBBB-6667-0000000B0001}.Debug|x86.Build.0 = Debug|Win32
		{00000C13-EEEE-BBBB-6667-0000000B0001}.Release|x64.ActiveCfg = Release|x64
		{00000C13-EEEE-BBBB-6667-0000000B0001}.Release|x64.Build.0 = Release|x64
		{00000C13-EEEE-BBBB-6667-0000000B0001}.Release|x86.ActiveCfg = Release|Win32
		{00000C13-EEEE-BBBB-6667-0000000B0001}.Release|x86.Build.0 = Release|Win32
		{00000C13-EEEE-BBBB-6667-0000000B0002}.Debug|x64.ActiveCfg = Debug|x64
		{00000C13-EEEE-BBBB-6667-0000000B0002}.Debug|x64.Build.0 = Debug|x64
		{00000C13-EEEE-BBBB-6667-0000000B0002}.Debug|x86.ActiveCfg = Debug|Win32
		{00000C13-EEEE-BBBB-6667-0000000B0002}.Debug|x86.Build.0 = Debug|Win32
		{00000C13-EEEE-BBBB-6667-0000000B0002}.Release|x64.ActiveCfg = Release|x64
		{00000C13-EEEE-BBBB-6667-0000000B0002}.Release|x64.Build.0 = Release|x64
		{00000C13-EEEE-BBBB-6667-0000000B0002}.Release|x86.ActiveCfg = Release|Win32
		{00000C13-EEEE-BBBB-6667-0000000B0002}.Release|x86.Build.0 = Release|Win32
		{00000C13-EEEE-BBBB-6667-0000000B0003}.Debug|x64.ActiveCfg = Debug|x64
		{00000C13-EEEE-BBBB-6667-0000000B0003}.Debug|x64.Build.0 = Debug|x64
		{00000C13-EEEE-BBBB-6667-0000000B0003}.Debug|x86.ActiveCfg = Debug|Win32
		{00000C13-EEEE-BBBB-6667-0000000B0003}.Debug|x86.Build.0 = Debug|Win32
		{00000C13-EEEE-BBBB-6667-0000000B0003}.Release|x64.ActiveCfg = Release|x64
		{00000C13-EEEE-BBBB-6667-0000000B0003}.Release|x64.Build.0 = Release|x64
		{00000C13-EEEE-BBBB-6667-0000000B0003}.Release|x86.ActiveCfg = Release|Win32
		{00000C13-EEEE-BBBB-6667-0000000B0003}.Release|x86.Build.0 = Release|Win32
		{00000C13-EEEE-BBBB-6667-0000000C0003}.Debug|x64.ActiveCfg = Debug|x64
		{00000C13-EEEE-BBBB-6667-0000000C0003}.Debug|x64.Build.0 = Debug|x64
		{00000C13-EEEE-BBBB-6667-0000000C0003}.Debug|x86.ActiveCfg = Debug|Win32
		{00000C13-EEEE-BBBB-6667-0000000C0003}.Debug|x86.Build.0 = Debug|Win32
		{00000C13-EEEE-BBBB-6667-0000000C0003}.Release|x64.ActiveCfg = Release|x64
		{00000C13-EEEE-BBBB-6667-0000000C0003}.Release|x64.Build.0 = Release|x64
		{00000C13-EEEE-BBBB-6667-0000000C0003}.Release|x86.ActiveCfg = Release|Win32
		{00000C13-EEEE-BBBB-6667-0000000C0003}.Release|x86.Build.0 = Release|Win32
		{00000C13-EEEE-BBBB-6667-0000000B0004}.Debug|x64.ActiveCfg = Debug|x64
		{00000C13-EEEE-BBBB-6667-0000000B0004}.Debug|x64.Build.0 = Debug|x64
		{00000C13-EEEE-BBBB-6667-0000000B0004}.Debug|x86.ActiveCfg = Debug|Win32
		{00000C13-EEEE-BBBB-6667-0000000B0004}.Debug|x86.Build.0 = Debug|Win32
		{00000C13-EEEE-BBBB-6667-0000000B0004}.Release|x64.ActiveCfg = Release|x64
		{00000C13-EEEE-BBBB-6667-0000000B0004}.Release|x64.Build.0 = Release|x64
		{00000C13-EEEE-BBBB-6667-0000000B0004}.Release|x86.ActiveCfg = Release|Win32
		{00000C13-EEEE-BBBB-6667-0000000B0004}.Release|x86.Build.0 = Release|Win32
	EndGlobalSection
	GlobalSection(SolutionProperties) = preSolution
		HideSolutionNode = FALSE
	EndGlobalSection
	GlobalSection(NestedProjects) = preSolution
		{00000C13-EEEE-BBBB-6667-100000000003} = {00000C13-EEEE-BBBB-6667-100000000001}
		{00000C13-EEEE-BBBB-6667-100000000002} = {00000C13-EEEE-BBBB-6667-100000000001}
		{00000C13-EEEE-BBBB-6667-0000000B0001} = {00000C13-EEEE-BBBB-6667-100000000000}
		{00000C13-EEEE-BBBB-6667-0000000B0002} = {00000C13-EEEE-BBBB-6667-100000000002}
		{00000C13-EEEE-BBBB-6667-0000000B0003} = {00000C13-EEEE-BBBB-6667-100000000002}
		{00000C13-EEEE-BBBB-6667-0000000C0003} = {00000C13-EEEE-BBBB-6667-100000000002}
		{00000C13-EEEE-BBBB-6667-0000000B0004} = {00000C13-EEEE-BBBB-6667-100000000002}
	EndGlobalSection
	GlobalSection(ExtensibilityGlobals) = postSolution
		SolutionGuid = {00000C13-EEEE-BBBB-6667-000000000666}
	EndGlobalSection
EndGlobal
