Microsoft Visual Studio Solution File, Format Version 12.00
# Visual Studio 15
VisualStudioVersion = 15.0.28307.1209
MinimumVisualStudioVersion = 10.0.40219.1
Project("{2150E333-8FDC-42A3-9474-1A3956D46DE8}") = "@cpp", "@cpp", "{00000C13-EEEE-BBBB-6667-100000000000}"
EndProject
Project("{2150E333-8FDC-42A3-9474-1A3956D46DE8}") = "shared", "shared", "{00000C13-EEEE-BBBB-6667-100000000001}"
EndProject
Project("{2150E333-8FDC-42A3-9474-1A3956D46DE8}") = "uix", "uix", "{00000C13-EEEE-BBBB-6667-100000000003}"
EndProject
Project("{2150E333-8FDC-42A3-9474-1A3956D46DE8}") = "core", "core", "{00000C13-EEEE-BBBB-6667-100000000004}"
EndProject
Project("{8BC9CEB8-8B4A-11D0-8D11-00A0C91BC942}") = "sys.shared_v15", "project.cpp\x_build\vs\ms.win\sys.shared_v15.vcxproj", "{00000C13-EEEE-BBBB-6667-000000000001}"
EndProject
Project("{8BC9CEB8-8B4A-11D0-8D11-00A0C91BC942}") = "sys.err.core_v15", "project.cpp\x_build\vs\ms.win\sys.err.core_v15.vcxproj", "{00000C13-EEEE-BBBB-6667-00000000A101}"
	ProjectSection(ProjectDependencies) = postProject
		{00000C13-EEEE-BBBB-6667-000000000001} = {00000C13-EEEE-BBBB-6667-000000000001}
	EndProjectSection
EndProject
Project("{8BC9CEB8-8B4A-11D0-8D11-00A0C91BC942}") = "console_v15", "project.cpp\x_build\vs\ms.win\console_v15.vcxproj", "{00000C13-EEEE-BBBB-6667-000000000020}"
	ProjectSection(ProjectDependencies) = postProject
		{00000C13-EEEE-BBBB-6667-000000000001} = {00000C13-EEEE-BBBB-6667-000000000001}
		{00000C13-EEEE-BBBB-6667-00000000A101} = {00000C13-EEEE-BBBB-6667-00000000A101}
	EndProjectSection
EndProject
Project("{8BC9CEB8-8B4A-11D0-8D11-00A0C91BC942}") = "runnable_v15", "project.cpp\x_build\vs\ms.win\runnable_v15.vcxproj", "{00000C13-EEEE-BBBB-6667-000000000007}"
	ProjectSection(ProjectDependencies) = postProject
		{00000C13-EEEE-BBBB-6667-000000000001} = {00000C13-EEEE-BBBB-6667-000000000001}
		{00000C13-EEEE-BBBB-6667-00000000A101} = {00000C13-EEEE-BBBB-6667-00000000A101}
	EndProjectSection
EndProject
Project("{2150E333-8FDC-42A3-9474-1A3956D46DE8}") = "test.cases", "test.cases", "{00000C13-EEEE-BBBB-6667-100000000002}"
EndProject
Project("{2150E333-8FDC-42A3-9474-1A3956D46DE8}") = "core", "core", "{00000C13-EEEE-BBBB-6667-100000000005}"
EndProject
Project("{2150E333-8FDC-42A3-9474-1A3956D46DE8}") = "uix", "uix", "{00000C13-EEEE-BBBB-6667-100000000006}"
EndProject
Project("{8BC9CEB8-8B4A-11D0-8D11-00A0C91BC942}") = "ebo_test_$$$", "project.cpp\x_build\vs\ms.win.cppunit.test\ebo_test_$$$.vcxproj", "{00000C13-EEEE-BBBB-6667-C00000060000}"
	ProjectSection(ProjectDependencies) = postProject
		{00000C13-EEEE-BBBB-6667-000000000001} = {00000C13-EEEE-BBBB-6667-000000000001}
	EndProjectSection
EndProject
Project("{8BC9CEB8-8B4A-11D0-8D11-00A0C91BC942}") = "ebo_test_$0$.base", "project.cpp\x_build\vs\ms.win.cppunit.test\ebo_test_$0$.base.vcxproj", "{00000C13-EEEE-BBBB-6667-000000060001}"
	ProjectSection(ProjectDependencies) = postProject
		{00000C13-EEEE-BBBB-6667-000000000001} = {00000C13-EEEE-BBBB-6667-000000000001}
		{00000C13-EEEE-BBBB-6667-C00000060000} = {00000C13-EEEE-BBBB-6667-C00000060000}
	EndProjectSection
EndProject
Project("{8BC9CEB8-8B4A-11D0-8D11-00A0C91BC942}") = "ebo_test_$1$.err", "project.cpp\x_build\vs\ms.win.cppunit.test\ebo_test_$1$.err.vcxproj", "{00000C13-EEEE-BBBB-6667-00000006A101}"
	ProjectSection(ProjectDependencies) = postProject
		{00000C13-EEEE-BBBB-6667-000000000001} = {00000C13-EEEE-BBBB-6667-000000000001}
		{00000C13-EEEE-BBBB-6667-00000000A101} = {00000C13-EEEE-BBBB-6667-00000000A101}
		{00000C13-EEEE-BBBB-6667-C00000060000} = {00000C13-EEEE-BBBB-6667-C00000060000}
	EndProjectSection
EndProject
Project("{8BC9CEB8-8B4A-11D0-8D11-00A0C91BC942}") = "ebo_test_$7$.run", "project.cpp\x_build\vs\ms.win.cppunit.test\ebo_test_$7$.run.vcxproj", "{00000C13-EEEE-BBBB-6667-000000060007}"
	ProjectSection(ProjectDependencies) = postProject
		{00000C13-EEEE-BBBB-6667-000000000001} = {00000C13-EEEE-BBBB-6667-000000000001}
		{00000C13-EEEE-BBBB-6667-00000000A101} = {00000C13-EEEE-BBBB-6667-00000000A101}
		{00000C13-EEEE-BBBB-6667-C00000060000} = {00000C13-EEEE-BBBB-6667-C00000060000}
	EndProjectSection
EndProject
Project("{8BC9CEB8-8B4A-11D0-8D11-00A0C91BC942}") = "ebo_test_con_v15", "project.cpp\x_build\vs\ms.win.console.test\ebo_test_con_v15.vcxproj", "{00000C13-EEEE-BBBB-6667-000000060020}"
	ProjectSection(ProjectDependencies) = postProject
		{00000C13-EEEE-BBBB-6667-000000000001} = {00000C13-EEEE-BBBB-6667-000000000001}
	EndProjectSection
EndProject
Project("{2150E333-8FDC-42A3-9474-1A3956D46DE8}") = "@net", "@net", "{00000C13-EEEE-BBBB-6667-200000000000}"
EndProject
Global
	GlobalSection(SolutionConfigurationPlatforms) = preSolution
		Debug|x64 = Debug|x64
		Debug|x86 = Debug|x86
		Release|x64 = Release|x64
		Release|x86 = Release|x86
	EndGlobalSection
	GlobalSection(ProjectConfigurationPlatforms) = postSolution
		{00000C13-EEEE-BBBB-6667-000000000001}.Debug|x64.ActiveCfg = Debug|x64
		{00000C13-EEEE-BBBB-6667-000000000001}.Debug|x64.Build.0 = Debug|x64
		{00000C13-EEEE-BBBB-6667-000000000001}.Debug|x86.ActiveCfg = Debug|Win32
		{00000C13-EEEE-BBBB-6667-000000000001}.Debug|x86.Build.0 = Debug|Win32
		{00000C13-EEEE-BBBB-6667-000000000001}.Release|x64.ActiveCfg = Release|x64
		{00000C13-EEEE-BBBB-6667-000000000001}.Release|x64.Build.0 = Release|x64
		{00000C13-EEEE-BBBB-6667-000000000001}.Release|x86.ActiveCfg = Release|Win32
		{00000C13-EEEE-BBBB-6667-000000000001}.Release|x86.Build.0 = Release|Win32
		{00000C13-EEEE-BBBB-6667-00000000A101}.Debug|x64.ActiveCfg = Debug|x64
		{00000C13-EEEE-BBBB-6667-00000000A101}.Debug|x64.Build.0 = Debug|x64
		{00000C13-EEEE-BBBB-6667-00000000A101}.Debug|x86.ActiveCfg = Debug|Win32
		{00000C13-EEEE-BBBB-6667-00000000A101}.Debug|x86.Build.0 = Debug|Win32
		{00000C13-EEEE-BBBB-6667-00000000A101}.Release|x64.ActiveCfg = Release|x64
		{00000C13-EEEE-BBBB-6667-00000000A101}.Release|x64.Build.0 = Release|x64
		{00000C13-EEEE-BBBB-6667-00000000A101}.Release|x86.ActiveCfg = Release|Win32
		{00000C13-EEEE-BBBB-6667-00000000A101}.Release|x86.Build.0 = Release|Win32
		{00000C13-EEEE-BBBB-6667-000000000007}.Debug|x64.ActiveCfg = Debug|x64
		{00000C13-EEEE-BBBB-6667-000000000007}.Debug|x64.Build.0 = Debug|x64
		{00000C13-EEEE-BBBB-6667-000000000007}.Debug|x86.ActiveCfg = Debug|Win32
		{00000C13-EEEE-BBBB-6667-000000000007}.Debug|x86.Build.0 = Debug|Win32
		{00000C13-EEEE-BBBB-6667-000000000007}.Release|x64.ActiveCfg = Release|x64
		{00000C13-EEEE-BBBB-6667-000000000007}.Release|x64.Build.0 = Release|x64
		{00000C13-EEEE-BBBB-6667-000000000007}.Release|x86.ActiveCfg = Release|Win32
		{00000C13-EEEE-BBBB-6667-000000000007}.Release|x86.Build.0 = Release|Win32
		{00000C13-EEEE-BBBB-6667-000000000020}.Debug|x64.ActiveCfg = Debug|x64
		{00000C13-EEEE-BBBB-6667-000000000020}.Debug|x64.Build.0 = Debug|x64
		{00000C13-EEEE-BBBB-6667-000000000020}.Debug|x86.ActiveCfg = Debug|Win32
		{00000C13-EEEE-BBBB-6667-000000000020}.Debug|x86.Build.0 = Debug|Win32
		{00000C13-EEEE-BBBB-6667-000000000020}.Release|x64.ActiveCfg = Release|x64
		{00000C13-EEEE-BBBB-6667-000000000020}.Release|x64.Build.0 = Release|x64
		{00000C13-EEEE-BBBB-6667-000000000020}.Release|x86.ActiveCfg = Release|Win32
		{00000C13-EEEE-BBBB-6667-000000000020}.Release|x86.Build.0 = Release|Win32
		{00000C13-EEEE-BBBB-6667-C00000060000}.Debug|x64.ActiveCfg = Debug|x64
		{00000C13-EEEE-BBBB-6667-C00000060000}.Debug|x64.Build.0 = Debug|x64
		{00000C13-EEEE-BBBB-6667-C00000060000}.Debug|x86.ActiveCfg = Debug|Win32
		{00000C13-EEEE-BBBB-6667-C00000060000}.Debug|x86.Build.0 = Debug|Win32
		{00000C13-EEEE-BBBB-6667-C00000060000}.Release|x64.ActiveCfg = Release|x64
		{00000C13-EEEE-BBBB-6667-C00000060000}.Release|x64.Build.0 = Release|x64
		{00000C13-EEEE-BBBB-6667-C00000060000}.Release|x86.ActiveCfg = Release|Win32
		{00000C13-EEEE-BBBB-6667-C00000060000}.Release|x86.Build.0 = Release|Win32
		{00000C13-EEEE-BBBB-6667-000000060001}.Debug|x64.ActiveCfg = Debug|x64
		{00000C13-EEEE-BBBB-6667-000000060001}.Debug|x64.Build.0 = Debug|x64
		{00000C13-EEEE-BBBB-6667-000000060001}.Debug|x86.ActiveCfg = Debug|Win32
		{00000C13-EEEE-BBBB-6667-000000060001}.Debug|x86.Build.0 = Debug|Win32
		{00000C13-EEEE-BBBB-6667-000000060001}.Release|x64.ActiveCfg = Release|x64
		{00000C13-EEEE-BBBB-6667-000000060001}.Release|x64.Build.0 = Release|x64
		{00000C13-EEEE-BBBB-6667-000000060001}.Release|x86.ActiveCfg = Release|Win32
		{00000C13-EEEE-BBBB-6667-000000060001}.Release|x86.Build.0 = Release|Win32
		{00000C13-EEEE-BBBB-6667-00000006A101}.Debug|x64.ActiveCfg = Debug|x64
		{00000C13-EEEE-BBBB-6667-00000006A101}.Debug|x64.Build.0 = Debug|x64
		{00000C13-EEEE-BBBB-6667-00000006A101}.Debug|x86.ActiveCfg = Debug|Win32
		{00000C13-EEEE-BBBB-6667-00000006A101}.Debug|x86.Build.0 = Debug|Win32
		{00000C13-EEEE-BBBB-6667-00000006A101}.Release|x64.ActiveCfg = Release|x64
		{00000C13-EEEE-BBBB-6667-00000006A101}.Release|x64.Build.0 = Release|x64
		{00000C13-EEEE-BBBB-6667-00000006A101}.Release|x86.ActiveCfg = Release|Win32
		{00000C13-EEEE-BBBB-6667-00000006A101}.Release|x86.Build.0 = Release|Win32
		{00000C13-EEEE-BBBB-6667-000000060007}.Debug|x64.ActiveCfg = Debug|x64
		{00000C13-EEEE-BBBB-6667-000000060007}.Debug|x64.Build.0 = Debug|x64
		{00000C13-EEEE-BBBB-6667-000000060007}.Debug|x86.ActiveCfg = Debug|Win32
		{00000C13-EEEE-BBBB-6667-000000060007}.Debug|x86.Build.0 = Debug|Win32
		{00000C13-EEEE-BBBB-6667-000000060007}.Release|x64.ActiveCfg = Release|x64
		{00000C13-EEEE-BBBB-6667-000000060007}.Release|x64.Build.0 = Release|x64
		{00000C13-EEEE-BBBB-6667-000000060007}.Release|x86.ActiveCfg = Release|Win32
		{00000C13-EEEE-BBBB-6667-000000060007}.Release|x86.Build.0 = Release|Win32
		{00000C13-EEEE-BBBB-6667-000000060020}.Debug|x64.ActiveCfg = Debug|x64
		{00000C13-EEEE-BBBB-6667-000000060020}.Debug|x64.Build.0 = Debug|x64
		{00000C13-EEEE-BBBB-6667-000000060020}.Debug|x86.ActiveCfg = Debug|Win32
		{00000C13-EEEE-BBBB-6667-000000060020}.Debug|x86.Build.0 = Debug|Win32
		{00000C13-EEEE-BBBB-6667-000000060020}.Release|x64.ActiveCfg = Release|x64
		{00000C13-EEEE-BBBB-6667-000000060020}.Release|x64.Build.0 = Release|x64
		{00000C13-EEEE-BBBB-6667-000000060020}.Release|x86.ActiveCfg = Release|Win32
		{00000C13-EEEE-BBBB-6667-000000060020}.Release|x86.Build.0 = Release|Win32
	EndGlobalSection
	GlobalSection(SolutionProperties) = preSolution
		HideSolutionNode = FALSE
	EndGlobalSection
	GlobalSection(NestedProjects) = preSolution
		{00000C13-EEEE-BBBB-6667-100000000001} = {00000C13-EEEE-BBBB-6667-100000000000}
		{00000C13-EEEE-BBBB-6667-100000000002} = {00000C13-EEEE-BBBB-6667-100000000000}
		{00000C13-EEEE-BBBB-6667-100000000003} = {00000C13-EEEE-BBBB-6667-100000000001}
		{00000C13-EEEE-BBBB-6667-100000000004} = {00000C13-EEEE-BBBB-6667-100000000001}
		{00000C13-EEEE-BBBB-6667-100000000005} = {00000C13-EEEE-BBBB-6667-100000000002}
		{00000C13-EEEE-BBBB-6667-100000000006} = {00000C13-EEEE-BBBB-6667-100000000002}
		{00000C13-EEEE-BBBB-6667-000000000001} = {00000C13-EEEE-BBBB-6667-100000000004}
		{00000C13-EEEE-BBBB-6667-00000000A101} = {00000C13-EEEE-BBBB-6667-100000000004}
		{00000C13-EEEE-BBBB-6667-000000000007} = {00000C13-EEEE-BBBB-6667-100000000001}
		{00000C13-EEEE-BBBB-6667-000000000020} = {00000C13-EEEE-BBBB-6667-100000000003}
		{00000C13-EEEE-BBBB-6667-C00000060000} = {00000C13-EEEE-BBBB-6667-100000000005}
		{00000C13-EEEE-BBBB-6667-000000060001} = {00000C13-EEEE-BBBB-6667-100000000005}
		{00000C13-EEEE-BBBB-6667-00000006A101} = {00000C13-EEEE-BBBB-6667-100000000005}
		{00000C13-EEEE-BBBB-6667-000000060007} = {00000C13-EEEE-BBBB-6667-100000000002}
		{00000C13-EEEE-BBBB-6667-000000060020} = {00000C13-EEEE-BBBB-6667-100000000006}
	EndGlobalSection
	GlobalSection(ExtensibilityGlobals) = postSolution
		SolutionGuid = {00000C13-EEEE-BBBB-6667-000000000555}
	EndGlobalSection
EndGlobal
