<?xml version="1.0" encoding="utf-8"?>
<Project ToolsVersion="4.0" xmlns="http://schemas.microsoft.com/developer/msbuild/2003">
  <ItemGroup>
    <Filter Include="interface">
      <UniqueIdentifier>{00000C13-EEEE-BBBB-6667-0000000B0000}</UniqueIdentifier>
    </Filter>
    <Filter Include="src">
      <UniqueIdentifier>{00000C13-EEEE-BBBB-6667-0000000B0001}</UniqueIdentifier>
    </Filter>
    <Filter Include="interface\shader">
      <UniqueIdentifier>{00000C13-EEEE-BBBB-6667-0000000B0002}</UniqueIdentifier>
    </Filter>
    <Filter Include="src\shader">
      <UniqueIdentifier>{00000C13-EEEE-BBBB-6667-0000000B0003}</UniqueIdentifier>
    </Filter>
    <Filter Include="interface\program">
      <UniqueIdentifier>{00000C13-EEEE-BBBB-6667-0000000B0004}</UniqueIdentifier>
    </Filter>
    <Filter Include="src\program">
      <UniqueIdentifier>{00000C13-EEEE-BBBB-6667-0000000B0005}</UniqueIdentifier>
    </Filter>
    <Filter Include="interface\procs">
      <UniqueIdentifier>{00000C13-EEEE-BBBB-6667-0000000B0006}</UniqueIdentifier>
    </Filter>
    <Filter Include="src\procs">
      <UniqueIdentifier>{00000C13-EEEE-BBBB-6667-0000000B0007}</UniqueIdentifier>
    </Filter>
    <Filter Include="interface\shapes">
      <UniqueIdentifier>{00000C13-EEEE-BBBB-6667-0000000B0008}</UniqueIdentifier>
    </Filter>
    <Filter Include="src\shapes">
      <UniqueIdentifier>{00000C13-EEEE-BBBB-6667-0000000B0009}</UniqueIdentifier>
    </Filter>
  </ItemGroup>
  <ItemGroup>
    <ClInclude Include="$(_0)gl_buffer.h"><Filter>interface</Filter></ClInclude>
    <ClCompile Include="$(_1)gl_buffer.cpp"><Filter>src</Filter></ClCompile>
    <ClInclude Include="$(_0-1)gl_$_cache.h"><Filter>interface\program</Filter></ClInclude>
    <ClCompile Include="$(_1-1)gl_$_cache.cpp"><Filter>src\program</Filter></ClCompile>
    <ClInclude Include="$(_0-0)gl_compiler.h"><Filter>interface\shader</Filter></ClInclude>
    <ClCompile Include="$(_1-0)gl_compiler.cpp"><Filter>src\shader</Filter></ClCompile>
    <ClInclude Include="$(_0)gl_context.h"><Filter>interface</Filter></ClInclude>
    <ClCompile Include="$(_1)gl_context.cpp"><Filter>src</Filter></ClCompile>
    <ClInclude Include="$(_0)gl_defs.h"><Filter>interface</Filter></ClInclude>
    <ClCompile Include="$(_1)gl_defs.cpp"><Filter>src</Filter></ClCompile>
    <ClInclude Include="$(_0)gl_error.h"><Filter>interface</Filter></ClInclude>
    <ClCompile Include="$(_1)gl_error.cpp"><Filter>src</Filter></ClCompile>
    <ClInclude Include="$(_0)gl_format.h"><Filter>interface</Filter></ClInclude>
    <ClCompile Include="$(_1)gl_format.cpp"><Filter>src</Filter></ClCompile>
    <ClInclude Include="$(_0)gl_logs.h"><Filter>interface</Filter></ClInclude>
    <ClCompile Include="$(_1)gl_logs.cpp"><Filter>src</Filter></ClCompile>
    <ClInclude Include="$(_0)gl_procs.h"><Filter>interface</Filter></ClInclude>
    <ClCompile Include="$(_1)gl_procs.cpp"><Filter>src</Filter></ClCompile>
    <ClInclude Include="$(_0-2)gl_procs_base.h"><Filter>interface\procs</Filter></ClInclude>
    <ClCompile Include="$(_1-2)gl_procs_base.cpp"><Filter>src\procs</Filter></ClCompile>
    <ClInclude Include="$(_0-2)gl_procs_buffer.h"><Filter>interface\procs</Filter></ClInclude>
    <ClCompile Include="$(_1-2)gl_procs_buffer.cpp"><Filter>src\procs</Filter></ClCompile>
    <ClInclude Include="$(_0-2)gl_procs_ctx.h"><Filter>interface\procs</Filter></ClInclude>
    <ClCompile Include="$(_1-2)gl_procs_ctx.cpp"><Filter>src\procs</Filter></ClCompile>
    <ClInclude Include="$(_0-2)gl_procs_prog.h"><Filter>interface\procs</Filter></ClInclude>
    <ClCompile Include="$(_1-2)gl_procs_prog.cpp"><Filter>src\procs</Filter></ClCompile>
    <ClInclude Include="$(_0-2)gl_procs_shader.h"><Filter>interface\procs</Filter></ClInclude>
    <ClCompile Include="$(_1-2)gl_procs_shader.cpp"><Filter>src\procs</Filter></ClCompile>
    <ClInclude Include="$(_0-2)gl_procs_vertex.h"><Filter>interface\procs</Filter></ClInclude>
    <ClCompile Include="$(_1-2)gl_procs_vertex.cpp"><Filter>src\procs</Filter></ClCompile>
    <ClInclude Include="$(_0-2)gl_procs_view.h"><Filter>interface\procs</Filter></ClInclude>
    <ClCompile Include="$(_1-2)gl_procs_view.cpp"><Filter>src\procs</Filter></ClCompile>
    <ClInclude Include="$(_0-1)gl_prog_id.h"><Filter>interface\program</Filter></ClInclude>
    <ClCompile Include="$(_1-1)gl_prog_id.cpp"><Filter>src\program</Filter></ClCompile>
    <ClInclude Include="$(_0-1)gl_prog_linker.h"><Filter>interface\program</Filter></ClInclude>
    <ClCompile Include="$(_1-1)gl_prog_linker.cpp"><Filter>src\program</Filter></ClCompile>
    <ClInclude Include="$(_0-1)gl_prog_status.h"><Filter>interface\program</Filter></ClInclude>
    <ClCompile Include="$(_1-1)gl_prog_status.cpp"><Filter>src\program</Filter></ClCompile>
    <ClInclude Include="$(_0)gl_program.h"><Filter>interface</Filter></ClInclude>
    <ClCompile Include="$(_1)gl_program.cpp"><Filter>src</Filter></ClCompile>
    <ClInclude Include="$(_0)gl_scene.h"><Filter>interface</Filter></ClInclude>
    <ClCompile Include="$(_1)gl_scene.cpp"><Filter>src</Filter></ClCompile>
    <ClInclude Include="$(_0)gl_shader.h"><Filter>interface</Filter></ClInclude>
    <ClCompile Include="$(_1)gl_shader.cpp"><Filter>src</Filter></ClCompile>
    <ClInclude Include="$(_0-3)gl_shape.2d.h"><Filter>interface\shapes</Filter></ClInclude>
    <ClCompile Include="$(_1-3)gl_shape.2d.cpp"><Filter>src\shapes</Filter></ClCompile>
    <ClInclude Include="$(_0-3)gl_shape.bs.h"><Filter>interface\shapes</Filter></ClInclude>
    <ClCompile Include="$(_1-3)gl_shape.bs.cpp"><Filter>src\shapes</Filter></ClCompile>
    <ClInclude Include="$(_0-0)gl_shd_id.h"><Filter>interface\shader</Filter></ClInclude>
    <ClCompile Include="$(_1-0)gl_shd_id.cpp"><Filter>src\shader</Filter></ClCompile>
    <ClInclude Include="$(_0-0)gl_shd_source.h"><Filter>interface\shader</Filter></ClInclude>
    <ClCompile Include="$(_1-0)gl_shd_source.cpp"><Filter>src\shader</Filter></ClCompile>
    <ClInclude Include="$(_0-0)gl_shd_status.h"><Filter>interface\shader</Filter></ClInclude>
    <ClCompile Include="$(_1-0)gl_shd_status.cpp"><Filter>src\shader</Filter></ClCompile>
    <ClInclude Include="$(_0-0)gl_shd_type.h"><Filter>interface\shader</Filter></ClInclude>
    <ClCompile Include="$(_1-0)gl_shd_type.cpp"><Filter>src\shader</Filter></ClCompile>
    <ClInclude Include="$(_0-0)gl_src_parser.h"><Filter>interface\shader</Filter></ClInclude>
    <ClCompile Include="$(_1-0)gl_src_parser.cpp"><Filter>src\shader</Filter></ClCompile>
    <ClInclude Include="$(_0)gl_version.h"><Filter>interface</Filter></ClInclude>
    <ClCompile Include="$(_1)gl_version.cpp"><Filter>src</Filter></ClCompile>
    <ClInclude Include="$(_0)gl_vertex.h"><Filter>interface</Filter></ClInclude>
    <ClCompile Include="$(_1)gl_vertex.cpp"><Filter>src</Filter></ClCompile>
    <ClInclude Include="$(_0)gl_viewport.h"><Filter>interface</Filter></ClInclude>
    <ClCompile Include="$(_1)gl_viewport.cpp"><Filter>src</Filter></ClCompile>
  </ItemGroup>
</Project>