<?xml version="1.0" encoding="utf-8"?>
<Project ToolsVersion="4.0" xmlns="http://schemas.microsoft.com/developer/msbuild/2003">
  <ItemGroup>
    <Filter Include="interface">
      <UniqueIdentifier>{00000C13-EEEE-BBBB-6667-0000000B0000}</UniqueIdentifier>
    </Filter>
    <Filter Include="src">
      <UniqueIdentifier>{00000C13-EEEE-BBBB-6667-0000000B0001}</UniqueIdentifier>
    </Filter>
    <Filter Include="interface\shader">
      <UniqueIdentifier>{00000C13-EEEE-BBBB-6667-0000000B0002}</UniqueIdentifier>
    </Filter>
    <Filter Include="src\shader">
      <UniqueIdentifier>{00000C13-EEEE-BBBB-6667-0000000B0003}</UniqueIdentifier>
    </Filter>
    <Filter Include="interface\program">
      <UniqueIdentifier>{00000C13-EEEE-BBBB-6667-0000000B0004}</UniqueIdentifier>
    </Filter>
    <Filter Include="src\program">
      <UniqueIdentifier>{00000C13-EEEE-BBBB-6667-0000000B0005}</UniqueIdentifier>
    </Filter>
  </ItemGroup>
  <ItemGroup>
    <ClInclude Include="$(_0-0)gl_compiler.h"><Filter>interface\shader</Filter></ClInclude>
    <ClCompile Include="$(_1-0)gl_compiler.cpp"><Filter>src\shader</Filter></ClCompile>
    <ClInclude Include="$(_0)gl_context.h"><Filter>interface</Filter></ClInclude>
    <ClCompile Include="$(_1)gl_context.cpp"><Filter>src</Filter></ClCompile>
    <ClInclude Include="$(_0)gl_defs.h"><Filter>interface</Filter></ClInclude>
    <ClCompile Include="$(_1)gl_defs.cpp"><Filter>src</Filter></ClCompile>
    <ClInclude Include="$(_0)gl_error.h"><Filter>interface</Filter></ClInclude>
    <ClCompile Include="$(_1)gl_error.cpp"><Filter>src</Filter></ClCompile>
    <ClInclude Include="$(_0)gl_format.h"><Filter>interface</Filter></ClInclude>
    <ClCompile Include="$(_1)gl_format.cpp"><Filter>src</Filter></ClCompile>
    <ClInclude Include="$(_0)gl_logs.h"><Filter>interface</Filter></ClInclude>
    <ClCompile Include="$(_1)gl_logs.cpp"><Filter>src</Filter></ClCompile>
    <ClInclude Include="$(_0)gl_procs.h"><Filter>interface</Filter></ClInclude>
    <ClCompile Include="$(_1)gl_procs.cpp"><Filter>src</Filter></ClCompile>
    <ClInclude Include="$(_0-1)gl_prog_id.h"><Filter>interface\program</Filter></ClInclude>
    <ClCompile Include="$(_1-1)gl_prog_id.cpp"><Filter>src\program</Filter></ClCompile>
    <ClInclude Include="$(_0)gl_program.h"><Filter>interface</Filter></ClInclude>
    <ClCompile Include="$(_1)gl_program.cpp"><Filter>src</Filter></ClCompile>
    <ClInclude Include="$(_0)gl_shader.h"><Filter>interface</Filter></ClInclude>
    <ClCompile Include="$(_1)gl_shader.cpp"><Filter>src</Filter></ClCompile>
    <ClInclude Include="$(_0-0)gl_shd_id.h"><Filter>interface\shader</Filter></ClInclude>
    <ClCompile Include="$(_1-0)gl_shd_id.cpp"><Filter>src\shader</Filter></ClCompile>
    <ClInclude Include="$(_0-0)gl_shd_source.h"><Filter>interface\shader</Filter></ClInclude>
    <ClCompile Include="$(_1-0)gl_shd_source.cpp"><Filter>src\shader</Filter></ClCompile>
    <ClInclude Include="$(_0-0)gl_shd_status.h"><Filter>interface\shader</Filter></ClInclude>
    <ClCompile Include="$(_1-0)gl_shd_status.cpp"><Filter>src\shader</Filter></ClCompile>
    <ClInclude Include="$(_0-0)gl_shd_type.h"><Filter>interface\shader</Filter></ClInclude>
    <ClCompile Include="$(_1-0)gl_shd_type.cpp"><Filter>src\shader</Filter></ClCompile>
    <ClInclude Include="$(_0-1)gl_prog_status.h"><Filter>interface\program</Filter></ClInclude>
    <ClCompile Include="$(_1-1)gl_prog_status.cpp"><Filter>src\program</Filter></ClCompile>
    <ClInclude Include="$(_0)gl_version.h"><Filter>interface</Filter></ClInclude>
    <ClCompile Include="$(_1)gl_version.cpp"><Filter>src</Filter></ClCompile>
    <ClInclude Include="$(_0)gl_vertex.h"><Filter>interface</Filter></ClInclude>
    <ClCompile Include="$(_1)gl_vertex.cpp"><Filter>src</Filter></ClCompile>
  </ItemGroup>
</Project>