<?xml version="1.0" encoding="utf-8"?>
<Project ToolsVersion="4.0" xmlns="http://schemas.microsoft.com/developer/msbuild/2003">
  <ItemGroup>
    <Filter Include="interface">
      <UniqueIdentifier>{00000C13-EEEE-BBBB-6667-0000000C0000}</UniqueIdentifier>
    </Filter>
    <Filter Include="src">
      <UniqueIdentifier>{00000C13-EEEE-BBBB-6667-0000000C0001}</UniqueIdentifier>
    </Filter>
  </ItemGroup>
  <ItemGroup>
    <ClInclude Include="$(_0)ctl.base.border.h"><Filter>interface</Filter></ClInclude>
    <ClCompile Include="$(_1)ctl.base.border.cpp"><Filter>src</Filter></ClCompile>
    <ClInclude Include="$(_0)ctl.base.defs.h"><Filter>interface</Filter></ClInclude>
    <ClCompile Include="$(_1)ctl.base.defs.cpp"><Filter>src</Filter></ClCompile>
    <ClInclude Include="$(_0)ctl.base.format.h"><Filter>interface</Filter></ClInclude>
    <ClCompile Include="$(_1)ctl.base.format.cpp"><Filter>src</Filter></ClCompile>
    <ClInclude Include="$(_0)ctl.base.layout.h"><Filter>interface</Filter></ClInclude>
    <ClCompile Include="$(_1)ctl.base.layout.cpp"><Filter>src</Filter></ClCompile>
    <ClInclude Include="$(_0)ctl.base.pane.h"><Filter>interface</Filter></ClInclude>
    <ClCompile Include="$(_1)ctl.base.pane.cpp"><Filter>src</Filter></ClCompile>
    <ClInclude Include="$(_0)ctl.base.image.h"><Filter>interface</Filter></ClInclude>
    <ClCompile Include="$(_1)ctl.base.image.cpp"><Filter>src</Filter></ClCompile>
    <ClInclude Include="$(_0)ctl.base.props.h"><Filter>interface</Filter></ClInclude>
    <ClCompile Include="$(_1)ctl.base.props.cpp"><Filter>src</Filter></ClCompile>
  </ItemGroup>
</Project>