<?xml version="1.0" encoding="utf-8"?>
<Project ToolsVersion="4.0" xmlns="http://schemas.microsoft.com/developer/msbuild/2003">
  <ItemGroup>
    <Filter Include="interface">
      <UniqueIdentifier>{00000C13-EEEE-BBBB-6667-0000000600B0}</UniqueIdentifier>
    </Filter>
    <Filter Include="src">
      <UniqueIdentifier>{00000C13-EEEE-BBBB-6667-0000000600B1}</UniqueIdentifier>
    </Filter>
  </ItemGroup>
  <ItemGroup>
    <ClInclude Include="$(_1)ebo_test_$d$.zbuf.h"><Filter>interface</Filter></ClInclude>
    <ClCompile Include="$(_1)ebo_test_$d$.zbuf.cpp"><Filter>src</Filter></ClCompile>
    <ClInclude Include="$(_1)ebo_test_$d$.zbuf.blend.h"><Filter>interface</Filter></ClInclude>
    <ClCompile Include="$(_1)ebo_test_$d$.zbuf.blend.cpp"><Filter>src</Filter></ClCompile>
    <ClInclude Include="$(_1)ebo_test_$d$.zbuf.font.h"><Filter>interface</Filter></ClInclude>
    <ClCompile Include="$(_1)ebo_test_$d$.zbuf.font.cpp"><Filter>src</Filter></ClCompile>
    <ClInclude Include="$(_1)ebo_test_$d$.zbuf.shade.h"><Filter>interface</Filter></ClInclude>
    <ClCompile Include="$(_1)ebo_test_$d$.zbuf.shade.cpp"><Filter>src</Filter></ClCompile>
    <ClInclude Include="$(_1)ebo_test_$d$.zbuf.text.h"><Filter>interface</Filter></ClInclude>
    <ClCompile Include="$(_1)ebo_test_$d$.zbuf.text.cpp"><Filter>src</Filter></ClCompile>
  </ItemGroup>
</Project>