<?xml version="1.0" encoding="utf-8"?>
<Project ToolsVersion="4.0" xmlns="http://schemas.microsoft.com/developer/msbuild/2003">
  <ItemGroup>
    <Filter Include="interface">
      <UniqueIdentifier>{00000C13-EEEE-BBBB-6667-C000000600B0}</UniqueIdentifier>
    </Filter>
    <Filter Include="src">
      <UniqueIdentifier>{00000C13-EEEE-BBBB-6667-C000000600B1}</UniqueIdentifier>
    </Filter>
  </ItemGroup>
  <ItemGroup>
    <!--files reside in cpp.unit.test\src\test.cases\ !-->
    <ClInclude Include="$(_2)ebo_test_$d$.draw.case.h"><Filter>interface</Filter></ClInclude>
    <ClCompile Include="$(_2)ebo_test_$d$.draw.case.cpp"><Filter>src</Filter></ClCompile>
    <ClInclude Include="$(_2)ebo_test_$d$.image.case.h"><Filter>interface</Filter></ClInclude>
    <ClCompile Include="$(_2)ebo_test_$d$.image.case.cpp"><Filter>src</Filter></ClCompile>
  </ItemGroup>
</Project>