<?xml version="1.0" encoding="utf-8"?>
<Project ToolsVersion="4.0" xmlns="http://schemas.microsoft.com/developer/msbuild/2003">
  <ItemGroup>
    <Filter Include="interface">
      <UniqueIdentifier>{00000C13-EEEE-BBBB-6667-C00000060230}</UniqueIdentifier>
    </Filter>
    <Filter Include="src">
      <UniqueIdentifier>{00000C13-EEEE-BBBB-6667-C00000060231}</UniqueIdentifier>
    </Filter>
  </ItemGroup>
  <ItemGroup>
    <!--files reside in root of interface folder!-->
    <ClInclude Include="$(_2)ebo_test_$d$.theme.case.h"><Filter>interface</Filter></ClInclude>
    <ClCompile Include="$(_2)ebo_test_$d$.theme.case.cpp"><Filter>src</Filter></ClCompile>
  </ItemGroup>
</Project>