Microsoft Visual Studio Solution File, Format Version 12.00
# Visual Studio 15
VisualStudioVersion = 15.0.35826.109
MinimumVisualStudioVersion = 10.0.40219.1
Project("{2150E333-8FDC-42A3-9474-1A3956D46DE8}") = "!docs", "!docs", "{00000C13-EEEE-BBBB-6667-D00000000000}"
	ProjectSection(SolutionItems) = preProject
		!docs\ebo_tut_prj_sets.txt = !docs\ebo_tut_prj_sets.txt
		!docs\ebo_tut_sol_arch.txt = !docs\ebo_tut_sol_arch.txt
	EndProjectSection
EndProject
Project("{2150E333-8FDC-42A3-9474-1A3956D46DE8}") = "_shared", "_shared", "{00000C13-EEEE-BBBB-6667-F00000000000}"
EndProject
Project("{2150E333-8FDC-42A3-9474-1A3956D46DE8}") = "core", "core", "{00000C13-EEEE-BBBB-6667-F00000000010}"
EndProject
Project("{8BC9CEB8-8B4A-11D0-8D11-00A0C91BC942}") = "shared.trim_v15", "_shared\shared.trim_v15.vcxproj", "{00000C13-EEEE-BBBB-6667-000000000001}"
EndProject
Project("{2150E333-8FDC-42A3-9474-1A3956D46DE8}") = "debug", "debug", "{00000C13-EEEE-BBBB-6667-F00000000020}"
EndProject
Project("{8BC9CEB8-8B4A-11D0-8D11-00A0C91BC942}") = "shared.dbg_v15", "_shared.dbg\shared.dbg_v15.vcxproj", "{00000C13-EEEE-BBBB-6667-000000000003}"
	ProjectSection(ProjectDependencies) = postProject
		{00000C13-EEEE-BBBB-6667-000000000001} = {00000C13-EEEE-BBBB-6667-000000000001}
	EndProjectSection
EndProject
Project("{2150E333-8FDC-42A3-9474-1A3956D46DE8}") = "GUI", "GUI", "{00000C13-EEEE-BBBB-6667-F00000000030}"
EndProject
Project("{8BC9CEB8-8B4A-11D0-8D11-00A0C91BC942}") = "shared.clr_v15", "_shared.clr\shared.clr_v15.vcxproj", "{00000C13-EEEE-BBBB-6667-000000000019}"
	ProjectSection(ProjectDependencies) = postProject
		{00000C13-EEEE-BBBB-6667-000000000001} = {00000C13-EEEE-BBBB-6667-000000000001}
		{00000C13-EEEE-BBBB-6667-000000000003} = {00000C13-EEEE-BBBB-6667-000000000003}
	EndProjectSection
EndProject
Project("{8BC9CEB8-8B4A-11D0-8D11-00A0C91BC942}") = "shared.gui_v15", "_shared.gui\shared.gui_v15.vcxproj", "{00000C13-EEEE-BBBB-6667-00000000000C}"
	ProjectSection(ProjectDependencies) = postProject
		{00000C13-EEEE-BBBB-6667-000000000001} = {00000C13-EEEE-BBBB-6667-000000000001}
		{00000C13-EEEE-BBBB-6667-000000000003} = {00000C13-EEEE-BBBB-6667-000000000003}
		{00000C13-EEEE-BBBB-6667-000000000019} = {00000C13-EEEE-BBBB-6667-000000000019}
	EndProjectSection
EndProject
Project("{2150E333-8FDC-42A3-9474-1A3956D46DE8}") = "parsers", "parsers", "{00000C13-EEEE-BBBB-6667-F00000000060}"
EndProject
Project("{2150E333-8FDC-42A3-9474-1A3956D46DE8}") = "obj", "obj", "{00000C13-EEEE-BBBB-6667-F00000000061}"
EndProject
Project("{8BC9CEB8-8B4A-11D0-8D11-00A0C91BC942}") = "obj.parser_v15", "obj.parser\obj.parser_v15.vcxproj", "{00000C13-EEEE-BBBB-6667-00000000001A}"
	ProjectSection(ProjectDependencies) = postProject
		{00000C13-EEEE-BBBB-6667-000000000001} = {00000C13-EEEE-BBBB-6667-000000000001}
		{00000C13-EEEE-BBBB-6667-000000000003} = {00000C13-EEEE-BBBB-6667-000000000003}
		{00000C13-EEEE-BBBB-6667-00000000000C} = {00000C13-EEEE-BBBB-6667-00000000000C}
	EndProjectSection
EndProject
Global
	GlobalSection(SolutionConfigurationPlatforms) = preSolution
		Debug|x64 = Debug|x64
		Debug|x86 = Debug|x86
		Release|x64 = Release|x64
		Release|x86 = Release|x86
	EndGlobalSection
	GlobalSection(ProjectConfigurationPlatforms) = postSolution
		{00000C13-EEEE-BBBB-6667-000000000001}.Debug|x64.ActiveCfg = Debug|x64
		{00000C13-EEEE-BBBB-6667-000000000001}.Debug|x64.Build.0 = Debug|x64
		{00000C13-EEEE-BBBB-6667-000000000001}.Debug|x86.ActiveCfg = Debug|Win32
		{00000C13-EEEE-BBBB-6667-000000000001}.Debug|x86.Build.0 = Debug|Win32
		{00000C13-EEEE-BBBB-6667-000000000001}.Release|x64.ActiveCfg = Release|x64
		{00000C13-EEEE-BBBB-6667-000000000001}.Release|x64.Build.0 = Release|x64
		{00000C13-EEEE-BBBB-6667-000000000001}.Release|x86.ActiveCfg = Release|Win32
		{00000C13-EEEE-BBBB-6667-000000000001}.Release|x86.Build.0 = Release|Win32

		{00000C13-EEEE-BBBB-6667-000000000003}.Debug|x64.ActiveCfg = Debug|x64
		{00000C13-EEEE-BBBB-6667-000000000003}.Debug|x64.Build.0 = Debug|x64
		{00000C13-EEEE-BBBB-6667-000000000003}.Debug|x86.ActiveCfg = Debug|Win32
		{00000C13-EEEE-BBBB-6667-000000000003}.Debug|x86.Build.0 = Debug|Win32
		{00000C13-EEEE-BBBB-6667-000000000003}.Release|x64.ActiveCfg = Release|x64
		{00000C13-EEEE-BBBB-6667-000000000003}.Release|x64.Build.0 = Release|x64
		{00000C13-EEEE-BBBB-6667-000000000003}.Release|x86.ActiveCfg = Release|Win32
		{00000C13-EEEE-BBBB-6667-000000000003}.Release|x86.Build.0 = Release|Win32

		{00000C13-EEEE-BBBB-6667-00000000000C}.Debug|x64.ActiveCfg = Debug|x64
		{00000C13-EEEE-BBBB-6667-00000000000C}.Debug|x64.Build.0 = Debug|x64
		{00000C13-EEEE-BBBB-6667-00000000000C}.Debug|x86.ActiveCfg = Debug|Win32
		{00000C13-EEEE-BBBB-6667-00000000000C}.Debug|x86.Build.0 = Debug|Win32
		{00000C13-EEEE-BBBB-6667-00000000000C}.Release|x64.ActiveCfg = Release|x64
		{00000C13-EEEE-BBBB-6667-00000000000C}.Release|x64.Build.0 = Release|x64
		{00000C13-EEEE-BBBB-6667-00000000000C}.Release|x86.ActiveCfg = Release|Win32
		{00000C13-EEEE-BBBB-6667-00000000000C}.Release|x86.Build.0 = Release|Win32

		{00000C13-EEEE-BBBB-6667-000000000019}.Debug|x64.ActiveCfg = Debug|x64
		{00000C13-EEEE-BBBB-6667-000000000019}.Debug|x64.Build.0 = Debug|x64
		{00000C13-EEEE-BBBB-6667-000000000019}.Debug|x86.ActiveCfg = Debug|Win32
		{00000C13-EEEE-BBBB-6667-000000000019}.Debug|x86.Build.0 = Debug|Win32
		{00000C13-EEEE-BBBB-6667-000000000019}.Release|x64.ActiveCfg = Release|x64
		{00000C13-EEEE-BBBB-6667-000000000019}.Release|x64.Build.0 = Release|x64
		{00000C13-EEEE-BBBB-6667-000000000019}.Release|x86.ActiveCfg = Release|Win32
		{00000C13-EEEE-BBBB-6667-000000000019}.Release|x86.Build.0 = Release|Win32

		{00000C13-EEEE-BBBB-6667-00000000001A}.Debug|x64.ActiveCfg = Debug|x64
		{00000C13-EEEE-BBBB-6667-00000000001A}.Debug|x64.Build.0 = Debug|x64
		{00000C13-EEEE-BBBB-6667-00000000001A}.Debug|x86.ActiveCfg = Debug|Win32
		{00000C13-EEEE-BBBB-6667-00000000001A}.Debug|x86.Build.0 = Debug|Win32
		{00000C13-EEEE-BBBB-6667-00000000001A}.Release|x64.ActiveCfg = Release|x64
		{00000C13-EEEE-BBBB-6667-00000000001A}.Release|x64.Build.0 = Release|x64
		{00000C13-EEEE-BBBB-6667-00000000001A}.Release|x86.ActiveCfg = Release|Win32
		{00000C13-EEEE-BBBB-6667-00000000001A}.Release|x86.Build.0 = Release|Win32
	EndGlobalSection
	GlobalSection(SolutionProperties) = preSolution
		HideSolutionNode = FALSE
	EndGlobalSection
	GlobalSection(NestedProjects) = preSolution
		{00000C13-EEEE-BBBB-6667-F00000000010} = {00000C13-EEEE-BBBB-6667-F00000000000}
		{00000C13-EEEE-BBBB-6667-000000000001} = {00000C13-EEEE-BBBB-6667-F00000000010}

		{00000C13-EEEE-BBBB-6667-F00000000020} = {00000C13-EEEE-BBBB-6667-F00000000000}
		{00000C13-EEEE-BBBB-6667-000000000003} = {00000C13-EEEE-BBBB-6667-F00000000020}

		{00000C13-EEEE-BBBB-6667-F00000000030} = {00000C13-EEEE-BBBB-6667-F00000000000}
		{00000C13-EEEE-BBBB-6667-00000000000C} = {00000C13-EEEE-BBBB-6667-F00000000030}
		{00000C13-EEEE-BBBB-6667-000000000019} = {00000C13-EEEE-BBBB-6667-F00000000030}

		{00000C13-EEEE-BBBB-6667-F00000000061} = {00000C13-EEEE-BBBB-6667-F00000000060}
		{00000C13-EEEE-BBBB-6667-00000000001A} = {00000C13-EEEE-BBBB-6667-F00000000061}
	EndGlobalSection
	GlobalSection(ExtensibilityGlobals) = postSolution
		SolutionGuid = {00000C13-EEEE-BBBB-6667-000000000333}
	EndGlobalSection
EndGlobal
