<?xml version="1.0" encoding="utf-8"?>
<Project ToolsVersion="4.0" xmlns="http://schemas.microsoft.com/developer/msbuild/2003">
  <ItemGroup>
    <Filter Include="interface">
      <UniqueIdentifier>{00000C13-EEEE-BBBB-6667-0000000B0000}</UniqueIdentifier>
    </Filter>
    <Filter Include="src">
      <UniqueIdentifier>{00000C13-EEEE-BBBB-6667-0000000B0001}</UniqueIdentifier>
    </Filter>
  </ItemGroup>
  <ItemGroup>
    <ClInclude Include="$(_0)uix.gdi.defs.h" ><Filter>interface</Filter></ClInclude>
    <ClInclude Include="$(_0)uix.gdi.blend.h" ><Filter>interface</Filter></ClInclude>
    <ClCompile Include="$(_1)uix.gdi.blend.cpp" ><Filter>src</Filter></ClCompile>
    <ClInclude Include="$(_0)uix.gdi.object.h" ><Filter>interface</Filter></ClInclude>
    <ClCompile Include="$(_1)uix.gdi.object.cpp" ><Filter>src</Filter></ClCompile>
    <ClInclude Include="$(_0)uix.gdi.zbuf.h" ><Filter>interface</Filter></ClInclude>
    <ClCompile Include="$(_1)uix.gdi.zbuf.cpp" ><Filter>src</Filter></ClCompile>
  </ItemGroup>
</Project>