<?xml version="1.0" encoding="utf-8"?>
<Project ToolsVersion="4.0" xmlns="http://schemas.microsoft.com/developer/msbuild/2003">
  <ItemGroup>
    <Filter Include="interface">
      <UniqueIdentifier>{00000C13-EEEE-BBBB-6667-000000000190}</UniqueIdentifier>
    </Filter>
    <Filter Include="src">
      <UniqueIdentifier>{00000C13-EEEE-BBBB-6667-000000000191}</UniqueIdentifier>
    </Filter>
  </ItemGroup>
  <ItemGroup>
    <ClInclude Include="$(_0)uix.bitmap.h"><Filter>interface</Filter></ClInclude>
    <ClCompile Include="$(_1)uix.bitmap.cpp"><Filter>src</Filter></ClCompile>
    <ClInclude Include="$(_0)uix.image.cache.h"><Filter>interface</Filter></ClInclude>
    <ClCompile Include="$(_1)uix.image.cache.cpp"><Filter>src</Filter></ClCompile>
    <ClInclude Include="$(_0)uix.image.defs.h"><Filter>interface</Filter></ClInclude>
    <ClCompile Include="$(_1)uix.image.defs.cpp"><Filter>src</Filter></ClCompile>
    <ClInclude Include="$(_0)uix.image.prov.h"><Filter>interface</Filter></ClInclude>
    <ClCompile Include="$(_1)uix.image.prov.cpp"><Filter>src</Filter></ClCompile>
    <ClInclude Include="$(_0)uix.image.stream.h"><Filter>interface</Filter></ClInclude>
    <ClCompile Include="$(_1)uix.image.stream.cpp"><Filter>src</Filter></ClCompile>
 <!--ClInclude Include="$(_0)uix.picture.h"><Filter>interface</Filter></ClInclude>
    <ClCompile Include="$(_1)uix.picture.cpp"><Filter>src</Filter></ClCompile-->
  </ItemGroup>
  <ItemGroup>
  </ItemGroup>
</Project>