<?xml version="1.0" encoding="utf-8"?>
<Project ToolsVersion="4.0" xmlns="http://schemas.microsoft.com/developer/msbuild/2003">
  <ItemGroup>
    <Filter Include="interface"><UniqueIdentifier>{00000C13-EEEE-BBBB-6667-005600000000}</UniqueIdentifier></Filter>
    <Filter Include="src"><UniqueIdentifier>{00000C13-EEEE-BBBB-6667-0056000B0001}</UniqueIdentifier></Filter>
    <Filter Include="src\_prec"><UniqueIdentifier>{00000C13-EEEE-BBBB-6667-0056000B0002}</UniqueIdentifier></Filter>
  </ItemGroup>
  <ItemGroup>
    <ClInclude Include="com.std.afx.h"><Filter>src\_prec</Filter></ClInclude>
    <ClCompile Include="com.std.afx.cpp"><Filter>src\_prec</Filter></ClCompile>
  </ItemGroup>
  <ItemGroup>
    <ClInclude Include="$(_0)vec_3.h"><Filter>interface</Filter></ClInclude>
    <ClCompile Include="$(_1)vec_3.cpp"><Filter>src</Filter></ClCompile>
  </ItemGroup>
</Project>