<?xml version="1.0" encoding="utf-8"?>
<Project ToolsVersion="4.0" xmlns="http://schemas.microsoft.com/developer/msbuild/2003">
  <ItemGroup>
    <Filter Include="interface">
      <UniqueIdentifier>{00000C13-EEEE-BBBB-6667-0000000C0010}</UniqueIdentifier>
    </Filter>
    <Filter Include="src">
      <UniqueIdentifier>{00000C13-EEEE-BBBB-6667-0000000C0011}</UniqueIdentifier>
    </Filter>
    <Filter Include="interface\window">
      <UniqueIdentifier>{00000C13-EEEE-BBBB-6667-0000000C0012}</UniqueIdentifier>
    </Filter>
    <Filter Include="src\window">
      <UniqueIdentifier>{00000C13-EEEE-BBBB-6667-0000000C0013}</UniqueIdentifier>
    </Filter>
  </ItemGroup>
  <ItemGroup>
    <ClInclude Include="$(_0)shared.theme.h"><Filter>interface</Filter></ClInclude>
    <ClCompile Include="$(_1)shared.theme.cpp"><Filter>src</Filter></ClCompile>
    <ClInclude Include="$(_0)shared.wnd.atom.h"><Filter>interface\window</Filter></ClInclude>
    <ClCompile Include="$(_1)shared.wnd.atom.cpp"><Filter>src\window</Filter></ClCompile>
    <ClInclude Include="$(_0)shared.wnd.base.h"><Filter>interface\window</Filter></ClInclude>
    <ClCompile Include="$(_1)shared.wnd.base.cpp"><Filter>src\window</Filter></ClCompile>
    <ClInclude Include="$(_0)shared.wnd.fake.h"><Filter>interface\window</Filter></ClInclude>
    <ClCompile Include="$(_1)shared.wnd.fake.cpp"><Filter>src\window</Filter></ClCompile>
    <ClInclude Include="$(_0)shared.wnd.layout.h"><Filter>interface\window</Filter></ClInclude>
    <ClCompile Include="$(_1)shared.wnd.layout.cpp"><Filter>src\window</Filter></ClCompile>
    <ClInclude Include="$(_0)shared.wnd.msg.h"><Filter>interface\window</Filter></ClInclude>
    <ClCompile Include="$(_1)shared.wnd.msg.cpp"><Filter>src\window</Filter></ClCompile>
    <ClInclude Include="$(_0)shared.wnd.res.h"><Filter>interface\window</Filter></ClInclude>
    <ClCompile Include="$(_1)shared.wnd.res.cpp"><Filter>src\window</Filter></ClCompile>
    <ClInclude Include="$(_0)win.app.res.h"><Filter>interface</Filter></ClInclude>
    <ClCompile Include="$(_1)win.app.res.cpp"><Filter>src</Filter></ClCompile>
    <ClInclude Include="$(_0)win.gui.wnd.h"><Filter>interface</Filter></ClInclude>
    <ClCompile Include="$(_1)win.gui.wnd.cpp"><Filter>src</Filter></ClCompile>
    <ClInclude Include="$(_0)win.gui.wnd.layout.h"><Filter>interface</Filter></ClInclude>
    <ClCompile Include="$(_1)win.gui.wnd.layout.cpp"><Filter>src</Filter></ClCompile>
  </ItemGroup>
  <ItemGroup>
    <Manifest  Include="$(_0)win.gui.app.manifest"><Filter>interface</Filter></Manifest>
  </ItemGroup>
</Project>