<?xml version="1.0" encoding="utf-8"?>
<Project ToolsVersion="4.0" xmlns="http://schemas.microsoft.com/developer/msbuild/2003">
  <ItemGroup>
    <Filter Include="_root"><UniqueIdentifier>{00000C13-EEEE-BBBB-6667-C00000060A00}</UniqueIdentifier></Filter>
    <Filter Include="_root\_prec"><UniqueIdentifier>{00000C13-EEEE-BBBB-6667-C00000060A01}</UniqueIdentifier></Filter>

    <Filter Include="extension"><UniqueIdentifier>{00000C13-EEEE-BBBB-6667-C00000060A02}</UniqueIdentifier></Filter>
    <Filter Include="matrix"><UniqueIdentifier>{00000C13-EEEE-BBBB-6667-C00000060A03}</UniqueIdentifier></Filter>
    <Filter Include="projection"><UniqueIdentifier>{00000C13-EEEE-BBBB-6667-C00000060A04}</UniqueIdentifier></Filter>
    <Filter Include="stack"><UniqueIdentifier>{00000C13-EEEE-BBBB-6667-C00000060A05}</UniqueIdentifier></Filter>
    <Filter Include="utils"><UniqueIdentifier>{00000C13-EEEE-BBBB-6667-C00000060A06}</UniqueIdentifier></Filter>
    <Filter Include="viewport"><UniqueIdentifier>{00000C13-EEEE-BBBB-6667-C00000060A07}</UniqueIdentifier></Filter>
    <Filter Include="projection\ortho"><UniqueIdentifier>{00000C13-EEEE-BBBB-6667-C00000060A08}</UniqueIdentifier></Filter>

  </ItemGroup>
  <ItemGroup><!--_root-->
    <ClInclude Include="$(Shared)shared.std.afx.h"><Filter>_root\_prec</Filter></ClInclude>
    <ClCompile Include="$(Shared)shared.std.afx.cpp"><Filter>_root\_prec</Filter></ClCompile>
  </ItemGroup>
  <ItemGroup>
    <ClInclude Include="$(_0)test_adap_$p$.defs.h"><Filter>_root</Filter></ClInclude>
    <ClCompile Include="$(_0)test_adap_$p$.defs.cpp"><Filter>_root</Filter></ClCompile>
    <ClInclude Include="$(_0)test_adap_$p$.module.h"><Filter>_root</Filter></ClInclude>
    <ClCompile Include="$(_0)test_adap_$p$.module.cpp"><Filter>_root</Filter></ClCompile>
  </ItemGroup>
  <ItemGroup>
    <ClInclude Include="$(_0)test_adap_$p$.exts.h"><Filter>extension</Filter></ClInclude>
    <ClCompile Include="$(_0)test_adap_$p$.exts.cpp"><Filter>extension</Filter></ClCompile>
    <ClInclude Include="$(_1)test_case_$p$.exts.h"><Filter>extension</Filter></ClInclude>
    <ClCompile Include="$(_1)test_case_$p$.exts.cpp"><Filter>extension</Filter></ClCompile>
  </ItemGroup>
  <ItemGroup>
    <ClInclude Include="$(_1)test_case_$m$.frustum.h"><Filter>projection</Filter></ClInclude>
    <ClCompile Include="$(_1)test_case_$m$.frustum.cpp"><Filter>projection</Filter></ClCompile>
    <ClInclude Include="$(_1)test_case_$m$.proj.defs.h"><Filter>projection</Filter></ClInclude>
    <ClCompile Include="$(_1)test_case_$m$.proj.defs.cpp"><Filter>projection</Filter></ClCompile>
    <ClInclude Include="$(_0)test_adap_$m$.frustum.h"><Filter>projection</Filter></ClInclude>
    <ClCompile Include="$(_0)test_adap_$m$.frustum.cpp"><Filter>projection</Filter></ClCompile>
  </ItemGroup>
  <ItemGroup>
    <ClInclude Include="$(_0)test_adap_$m$.matrix.h"><Filter>matrix</Filter></ClInclude>
    <ClCompile Include="$(_0)test_adap_$m$.matrix.cpp"><Filter>matrix</Filter></ClCompile>
    <ClInclude Include="$(_1)test_case_$m$.matrix.h"><Filter>matrix</Filter></ClInclude>
    <ClCompile Include="$(_1)test_case_$m$.matrix.cpp"><Filter>matrix</Filter></ClCompile>
  </ItemGroup>
  <ItemGroup>
    <ClInclude Include="$(_0)test_adap_$m$.ortho.h"><Filter>projection\ortho</Filter></ClInclude>
    <ClCompile Include="$(_0)test_adap_$m$.ortho.cpp"><Filter>projection\ortho</Filter></ClCompile>
    <ClInclude Include="$(_1)test_case_$m$.ortho.h"><Filter>projection\ortho</Filter></ClInclude>
    <ClCompile Include="$(_1)test_case_$m$.ortho.cpp"><Filter>projection\ortho</Filter></ClCompile>
  </ItemGroup>
  <ItemGroup>
    <ClInclude Include="$(_1)test_case_$m$.stack.h"><Filter>stack</Filter></ClInclude>
    <ClCompile Include="$(_1)test_case_$m$.stack.cpp"><Filter>stack</Filter></ClCompile>
    <ClInclude Include="$(_0)test_adap_$m$.stack.h"><Filter>stack</Filter></ClInclude>
    <ClCompile Include="$(_0)test_adap_$m$.stack.cpp"><Filter>stack</Filter></ClCompile>
  </ItemGroup>
  <ItemGroup>
    <ClInclude Include="$(_0)test_adap_$u$.utils.h"><Filter>utils</Filter></ClInclude>
    <ClCompile Include="$(_0)test_adap_$u$.utils.cpp"><Filter>utils</Filter></ClCompile>
    <ClInclude Include="$(_1)test_case_$u$.perspect.h"><Filter>utils</Filter></ClInclude>
    <ClCompile Include="$(_1)test_case_$u$.perspect.cpp"><Filter>utils</Filter></ClCompile>
    <ClInclude Include="$(_1)test_case_$u$.vsync.h"><Filter>utils</Filter></ClInclude>
    <ClCompile Include="$(_1)test_case_$u$.vsync.cpp"><Filter>utils</Filter></ClCompile>
  </ItemGroup>
  <ItemGroup>
    <ClInclude Include="$(_1)test_case_$p$.viewport.h"><Filter>viewport</Filter></ClInclude>
    <ClCompile Include="$(_1)test_case_$p$.viewport.cpp"><Filter>viewport</Filter></ClCompile>
    <ClInclude Include="$(_0)test_adap_$p$.viewport.h"><Filter>viewport</Filter></ClInclude>
    <ClCompile Include="$(_0)test_adap_$p$.viewport.cpp"><Filter>viewport</Filter></ClCompile>
  </ItemGroup>
</Project>