<?xml version="1.0" encoding="utf-8"?>
<Project ToolsVersion="4.0" xmlns="http://schemas.microsoft.com/developer/msbuild/2003">
  <ItemGroup>
    <Filter Include="interface">
      <UniqueIdentifier>{00000C13-EEEE-BBBB-6667-00000006A250}</UniqueIdentifier>
    </Filter>
    <Filter Include="src">
      <UniqueIdentifier>{00000C13-EEEE-BBBB-6667-00000006A251}</UniqueIdentifier>
    </Filter>
    <Filter Include="src\resources">
      <UniqueIdentifier>{00000C13-EEEE-BBBB-6667-00000006A252}</UniqueIdentifier>
    </Filter>
    <Filter Include="src\resources\icons">
      <UniqueIdentifier>{00000C13-EEEE-BBBB-6667-00000006A253}</UniqueIdentifier>
    </Filter>
    <Filter Include="src\render">
      <UniqueIdentifier>{00000C13-EEEE-BBBB-6667-00000006A254}</UniqueIdentifier>
    </Filter>
    <Filter Include="src\themes">
      <UniqueIdentifier>{00000C13-EEEE-BBBB-6667-00000006A255}</UniqueIdentifier>
    </Filter>
  </ItemGroup>
  <ItemGroup>
    <ClInclude Include="$(_0)win.gui.inc.h"><Filter>interface</Filter></ClInclude>
    <ClCompile Include="$(_1)win.gui_frame.cpp"><Filter>src</Filter></ClCompile>
    <ClInclude Include="$(_1)win.gui_frame.h"><Filter>src</Filter></ClInclude>
    <ClCompile Include="$(_1)win.gui_layout.cpp"><Filter>src</Filter></ClCompile>
    <ClInclude Include="$(_1)win.gui_layout.h"><Filter>src</Filter></ClInclude>
    <ClInclude Include="$(_1)win.gui_module.h"><Filter>src</Filter></ClInclude>
    <ClCompile Include="$(_1)win.gui_module.cpp"><Filter>src</Filter></ClCompile>
    <ClInclude Include="$(_1)win.gui_wnd.h"><Filter>src</Filter></ClInclude>
    <ClCompile Include="$(_1)win.gui_wnd.cpp"><Filter>src</Filter></ClCompile>
    <ClInclude Include="$(_c)direct_x.surface.h"><Filter>src\render</Filter></ClInclude>
    <ClCompile Include="$(_c)direct_x.surface.cpp"><Filter>src\render</Filter></ClCompile>
    <ClInclude Include="$(_c)direct_x.wrap.h"><Filter>src\render</Filter></ClInclude>
    <ClCompile Include="$(_c)direct_x.wrap.cpp"><Filter>src\render</Filter></ClCompile>
    <ClInclude Include="$(_e)ebo.sha.dwm.wrap.h"><Filter>src\themes</Filter></ClInclude>
    <ClCompile Include="$(_e)ebo.sha.dwm.wrap.cpp"><Filter>src\themes</Filter></ClCompile>
    <ClInclude Include="$(_e)ebo.sha.gui.theme.h"><Filter>src\themes</Filter></ClInclude>
    <ClCompile Include="$(_e)ebo.sha.gui.theme.cpp"><Filter>src\themes</Filter></ClCompile>
  </ItemGroup>
  <ItemGroup>
    <Manifest Include="$(_0)win.gui.app.manifest">
      <Filter>interface</Filter>
    </Manifest>
  </ItemGroup>
  <ItemGroup>
    <ClInclude Include="$(_2)win.gui.res.h">
      <Filter>src\resources</Filter>
    </ClInclude>
    <ResourceCompile Include="$(_2)win.gui.res.rc">
      <Filter>src\resources</Filter>
    </ResourceCompile>
  </ItemGroup>
  <ItemGroup>
    <Image Include="$(_3)wanderer_rootless.ico">
      <Filter>src\resources\icons</Filter>
    </Image>
  </ItemGroup>
</Project>