	Microsoft Visual Studio Solution File, Format Version 12.00
# Visual Studio 15
VisualStudioVersion = 15.0.35826.109
MinimumVisualStudioVersion = 10.0.40219.1
Project("{2150E333-8FDC-42A3-9474-1A3956D46DE8}") = "!docs", "!docs", "{00000C13-EEEE-BBBB-6667-D00000000000}"
	ProjectSection(SolutionItems) = preProject
		!docs\virt.cam.guid.txt = !docs\virt.cam.guid.txt
	EndProjectSection
EndProject
Project("{2150E333-8FDC-42A3-9474-1A3956D46DE8}") = "common", "common", "{00000C13-EEEE-BBBB-6667-F00000000000}"
EndProject
Project("{2150E333-8FDC-42A3-9474-1A3956D46DE8}") = "tests", "tests", "{00000C13-EEEE-BBBB-6667-F00000000010}"
EndProject
Project("{8BC9CEB8-8B4A-11D0-8D11-00A0C91BC942}") = "test.0.common", "test.0.common\test.0.common.vcxproj", "{00000C13-EEEE-BBBB-6667-005600000000}"
EndProject
Project("{8BC9CEB8-8B4A-11D0-8D11-00A0C91BC942}") = "test.1.fov", "test.1.fov\test.1.fov.vcxproj", "{00000C13-EEEE-BBBB-6667-005600000001}"
	ProjectSection(ProjectDependencies) = postProject
		{00000C13-EEEE-BBBB-6667-005600000000} = {00000C13-EEEE-BBBB-6667-005600000000}
	EndProjectSection
EndProject
Project("{8BC9CEB8-8B4A-11D0-8D11-00A0C91BC942}") = "test.2.matrix", "test.2.matrix\test.2.matrix.vcxproj", "{00000C13-EEEE-BBBB-6667-005600000002}"
	ProjectSection(ProjectDependencies) = postProject
		{00000C13-EEEE-BBBB-6667-005600000000} = {00000C13-EEEE-BBBB-6667-005600000000}
	EndProjectSection
EndProject
Project("{8BC9CEB8-8B4A-11D0-8D11-00A0C91BC942}") = "test.3.ray", "test.3.ray\test.3.ray.vcxproj", "{00000C13-EEEE-BBBB-6667-005600000003}"
	ProjectSection(ProjectDependencies) = postProject
		{00000C13-EEEE-BBBB-6667-005600000000} = {00000C13-EEEE-BBBB-6667-005600000000}
	EndProjectSection
EndProject
Project("{8BC9CEB8-8B4A-11D0-8D11-00A0C91BC942}") = "test.4.space", "test.4.space\test.4.space.vcxproj", "{00000C13-EEEE-BBBB-6667-005600000004}"
	ProjectSection(ProjectDependencies) = postProject
		{00000C13-EEEE-BBBB-6667-005600000000} = {00000C13-EEEE-BBBB-6667-005600000000}
	EndProjectSection
EndProject
Project("{8BC9CEB8-8B4A-11D0-8D11-00A0C91BC942}") = "test.5.facet", "test.5.facet\test.5.facet.vcxproj", "{00000C13-EEEE-BBBB-6667-005600000005}"
	ProjectSection(ProjectDependencies) = postProject
		{00000C13-EEEE-BBBB-6667-005600000000} = {00000C13-EEEE-BBBB-6667-005600000000}
	EndProjectSection
EndProject
Project("{8BC9CEB8-8B4A-11D0-8D11-00A0C91BC942}") = "test.6.fraud", "test.6.fraud\test.6.fraud.vcxproj", "{00000C13-EEEE-BBBB-6667-005600000006}"
	ProjectSection(ProjectDependencies) = postProject
		{00000C13-EEEE-BBBB-6667-005600000000} = {00000C13-EEEE-BBBB-6667-005600000000}
	EndProjectSection
EndProject
Project("{8BC9CEB8-8B4A-11D0-8D11-00A0C91BC942}") = "test.gui.app", "test.gui.app\test.gui.app.vcxproj", "{00000C13-EEEE-BBBB-6667-005600A50500}"
	ProjectSection(ProjectDependencies) = postProject
		{00000C13-EEEE-BBBB-6667-005600000000} = {00000C13-EEEE-BBBB-6667-005600000000}
		{00000C13-EEEE-BBBB-6667-005600000001} = {00000C13-EEEE-BBBB-6667-005600000001}
		{00000C13-EEEE-BBBB-6667-005600000002} = {00000C13-EEEE-BBBB-6667-005600000002}
		{00000C13-EEEE-BBBB-6667-005600000003} = {00000C13-EEEE-BBBB-6667-005600000003}
		{00000C13-EEEE-BBBB-6667-005600000004} = {00000C13-EEEE-BBBB-6667-005600000004}
		{00000C13-EEEE-BBBB-6667-005600000005} = {00000C13-EEEE-BBBB-6667-005600000005}
		{00000C13-EEEE-BBBB-6667-005600000006} = {00000C13-EEEE-BBBB-6667-005600000006}
	EndProjectSection
EndProject
Global
	GlobalSection(SolutionConfigurationPlatforms) = preSolution
		Debug|x64 = Debug|x64
		Debug|x86 = Debug|x86
		Release|x64 = Release|x64
		Release|x86 = Release|x86
	EndGlobalSection
	GlobalSection(ProjectConfigurationPlatforms) = postSolution
		{00000C13-EEEE-BBBB-6667-005600000000}.Debug|x64.ActiveCfg = Debug|x64
		{00000C13-EEEE-BBBB-6667-005600000000}.Debug|x64.Build.0 = Debug|x64
		{00000C13-EEEE-BBBB-6667-005600000000}.Debug|x86.ActiveCfg = Debug|Win32
		{00000C13-EEEE-BBBB-6667-005600000000}.Debug|x86.Build.0 = Debug|Win32
		{00000C13-EEEE-BBBB-6667-005600000000}.Release|x64.ActiveCfg = Release|x64
		{00000C13-EEEE-BBBB-6667-005600000000}.Release|x64.Build.0 = Release|x64
		{00000C13-EEEE-BBBB-6667-005600000000}.Release|x86.ActiveCfg = Release|Win32
		{00000C13-EEEE-BBBB-6667-005600000000}.Release|x86.Build.0 = Release|Win32

		{00000C13-EEEE-BBBB-6667-005600000001}.Debug|x64.ActiveCfg = Debug|x64
		{00000C13-EEEE-BBBB-6667-005600000001}.Debug|x64.Build.0 = Debug|x64
		{00000C13-EEEE-BBBB-6667-005600000001}.Debug|x86.ActiveCfg = Debug|Win32
		{00000C13-EEEE-BBBB-6667-005600000001}.Debug|x86.Build.0 = Debug|Win32
		{00000C13-EEEE-BBBB-6667-005600000001}.Release|x64.ActiveCfg = Release|x64
		{00000C13-EEEE-BBBB-6667-005600000001}.Release|x64.Build.0 = Release|x64
		{00000C13-EEEE-BBBB-6667-005600000001}.Release|x86.ActiveCfg = Release|Win32
		{00000C13-EEEE-BBBB-6667-005600000001}.Release|x86.Build.0 = Release|Win32

		{00000C13-EEEE-BBBB-6667-005600000002}.Debug|x64.ActiveCfg = Debug|x64
		{00000C13-EEEE-BBBB-6667-005600000002}.Debug|x64.Build.0 = Debug|x64
		{00000C13-EEEE-BBBB-6667-005600000002}.Debug|x86.ActiveCfg = Debug|Win32
		{00000C13-EEEE-BBBB-6667-005600000002}.Debug|x86.Build.0 = Debug|Win32
		{00000C13-EEEE-BBBB-6667-005600000002}.Release|x64.ActiveCfg = Release|x64
		{00000C13-EEEE-BBBB-6667-005600000002}.Release|x64.Build.0 = Release|x64
		{00000C13-EEEE-BBBB-6667-005600000002}.Release|x86.ActiveCfg = Release|Win32
		{00000C13-EEEE-BBBB-6667-005600000002}.Release|x86.Build.0 = Release|Win32

		{00000C13-EEEE-BBBB-6667-005600000003}.Debug|x64.ActiveCfg = Debug|x64
		{00000C13-EEEE-BBBB-6667-005600000003}.Debug|x64.Build.0 = Debug|x64
		{00000C13-EEEE-BBBB-6667-005600000003}.Debug|x86.ActiveCfg = Debug|Win32
		{00000C13-EEEE-BBBB-6667-005600000003}.Debug|x86.Build.0 = Debug|Win32
		{00000C13-EEEE-BBBB-6667-005600000003}.Release|x64.ActiveCfg = Release|x64
		{00000C13-EEEE-BBBB-6667-005600000003}.Release|x64.Build.0 = Release|x64
		{00000C13-EEEE-BBBB-6667-005600000003}.Release|x86.ActiveCfg = Release|Win32
		{00000C13-EEEE-BBBB-6667-005600000003}.Release|x86.Build.0 = Release|Win32

		{00000C13-EEEE-BBBB-6667-005600000004}.Debug|x64.ActiveCfg = Debug|x64
		{00000C13-EEEE-BBBB-6667-005600000004}.Debug|x64.Build.0 = Debug|x64
		{00000C13-EEEE-BBBB-6667-005600000004}.Debug|x86.ActiveCfg = Debug|Win32
		{00000C13-EEEE-BBBB-6667-005600000004}.Debug|x86.Build.0 = Debug|Win32
		{00000C13-EEEE-BBBB-6667-005600000004}.Release|x64.ActiveCfg = Release|x64
		{00000C13-EEEE-BBBB-6667-005600000004}.Release|x64.Build.0 = Release|x64
		{00000C13-EEEE-BBBB-6667-005600000004}.Release|x86.ActiveCfg = Release|Win32
		{00000C13-EEEE-BBBB-6667-005600000004}.Release|x86.Build.0 = Release|Win32

		{00000C13-EEEE-BBBB-6667-005600000005}.Debug|x64.ActiveCfg = Debug|x64
		{00000C13-EEEE-BBBB-6667-005600000005}.Debug|x64.Build.0 = Debug|x64
		{00000C13-EEEE-BBBB-6667-005600000005}.Debug|x86.ActiveCfg = Debug|Win32
		{00000C13-EEEE-BBBB-6667-005600000005}.Debug|x86.Build.0 = Debug|Win32
		{00000C13-EEEE-BBBB-6667-005600000005}.Release|x64.ActiveCfg = Release|x64
		{00000C13-EEEE-BBBB-6667-005600000005}.Release|x64.Build.0 = Release|x64
		{00000C13-EEEE-BBBB-6667-005600000005}.Release|x86.ActiveCfg = Release|Win32
		{00000C13-EEEE-BBBB-6667-005600000005}.Release|x86.Build.0 = Release|Win32

		{00000C13-EEEE-BBBB-6667-005600000006}.Debug|x64.ActiveCfg = Debug|x64
		{00000C13-EEEE-BBBB-6667-005600000006}.Debug|x64.Build.0 = Debug|x64
		{00000C13-EEEE-BBBB-6667-005600000006}.Debug|x86.ActiveCfg = Debug|Win32
		{00000C13-EEEE-BBBB-6667-005600000006}.Debug|x86.Build.0 = Debug|Win32
		{00000C13-EEEE-BBBB-6667-005600000006}.Release|x64.ActiveCfg = Release|x64
		{00000C13-EEEE-BBBB-6667-005600000006}.Release|x64.Build.0 = Release|x64
		{00000C13-EEEE-BBBB-6667-005600000006}.Release|x86.ActiveCfg = Release|Win32
		{00000C13-EEEE-BBBB-6667-005600000006}.Release|x86.Build.0 = Release|Win32

		{00000C13-EEEE-BBBB-6667-005600A50500}.Debug|x64.ActiveCfg = Debug|x64
		{00000C13-EEEE-BBBB-6667-005600A50500}.Debug|x64.Build.0 = Debug|x64
		{00000C13-EEEE-BBBB-6667-005600A50500}.Debug|x86.ActiveCfg = Debug|Win32
		{00000C13-EEEE-BBBB-6667-005600A50500}.Debug|x86.Build.0 = Debug|Win32
		{00000C13-EEEE-BBBB-6667-005600A50500}.Release|x64.ActiveCfg = Release|x64
		{00000C13-EEEE-BBBB-6667-005600A50500}.Release|x64.Build.0 = Release|x64
		{00000C13-EEEE-BBBB-6667-005600A50500}.Release|x86.ActiveCfg = Release|Win32
		{00000C13-EEEE-BBBB-6667-005600A50500}.Release|x86.Build.0 = Release|Win32
	EndGlobalSection
	GlobalSection(SolutionProperties) = preSolution
		HideSolutionNode = FALSE
	EndGlobalSection
	GlobalSection(NestedProjects) = preSolution
		{00000C13-EEEE-BBBB-6667-005600000000} = {00000C13-EEEE-BBBB-6667-F00000000000}
		{00000C13-EEEE-BBBB-6667-005600000001} = {00000C13-EEEE-BBBB-6667-F00000000010}
		{00000C13-EEEE-BBBB-6667-005600000002} = {00000C13-EEEE-BBBB-6667-F00000000010}
		{00000C13-EEEE-BBBB-6667-005600000003} = {00000C13-EEEE-BBBB-6667-F00000000010}
		{00000C13-EEEE-BBBB-6667-005600000004} = {00000C13-EEEE-BBBB-6667-F00000000010}
		{00000C13-EEEE-BBBB-6667-005600000005} = {00000C13-EEEE-BBBB-6667-F00000000010}
		{00000C13-EEEE-BBBB-6667-005600000006} = {00000C13-EEEE-BBBB-6667-F00000000010}
		{00000C13-EEEE-BBBB-6667-005600A50500} = {00000C13-EEEE-BBBB-6667-F00000000010}
	EndGlobalSection
	GlobalSection(ExtensibilityGlobals) = postSolution
		SolutionGuid = {00000C13-EEEE-BBBB-6667-000000000111}
	EndGlobalSection
EndGlobal
