<?xml version="1.0" encoding="utf-8"?>
<Project ToolsVersion="4.0" xmlns="http://schemas.microsoft.com/developer/msbuild/2003">
  <ItemGroup>
    <Filter Include="_root"><UniqueIdentifier>{00000C13-EEEE-BBBB-6667-C00000060030}</UniqueIdentifier></Filter>
    <Filter Include="_root\_prec"><UniqueIdentifier>{00000C13-EEEE-BBBB-6667-C00000060031}</UniqueIdentifier></Filter>

    <Filter Include="console"><UniqueIdentifier>{00000C13-EEEE-BBBB-6667-C00000060032}</UniqueIdentifier></Filter>
    <Filter Include="console\shared"><UniqueIdentifier>{00000C13-EEEE-BBBB-6667-C00000060033}</UniqueIdentifier></Filter>

    <Filter Include="console\event"><UniqueIdentifier>{00000C13-EEEE-BBBB-6667-C00000060034}</UniqueIdentifier></Filter>
    <Filter Include="console\event\shared"><UniqueIdentifier>{00000C13-EEEE-BBBB-6667-C00000060035}</UniqueIdentifier></Filter>

    <Filter Include="console\mode"><UniqueIdentifier>{00000C13-EEEE-BBBB-6667-C00000060036}</UniqueIdentifier></Filter>
    <Filter Include="console\mode\shared"><UniqueIdentifier>{00000C13-EEEE-BBBB-6667-C00000060037}</UniqueIdentifier></Filter>

    <Filter Include="thread"><UniqueIdentifier>{00000C13-EEEE-BBBB-6667-C00000060038}</UniqueIdentifier></Filter>
    <Filter Include="thread\shared"><UniqueIdentifier>{00000C13-EEEE-BBBB-6667-C00000060039}</UniqueIdentifier></Filter>

    <Filter Include="gui"><UniqueIdentifier>{00000C13-EEEE-BBBB-6667-C0000006003A}</UniqueIdentifier></Filter>
    <Filter Include="gui\shared"><UniqueIdentifier>{00000C13-EEEE-BBBB-6667-C0000006003B}</UniqueIdentifier></Filter>

  </ItemGroup>
  <ItemGroup><!--_root-->
    <ClInclude Include="$(Shared)shared.std.afx.h"><Filter>_root\_prec</Filter></ClInclude>
    <ClCompile Include="$(Shared)shared.std.afx.cpp"><Filter>_root\_prec</Filter></ClCompile>
    <ClInclude Include="$(_2)test_adap_$w$.defs.h"><Filter>_root</Filter></ClInclude>
    <ClCompile Include="$(_2)test_adap_$w$.defs.cpp"><Filter>_root</Filter></ClCompile>
  </ItemGroup>
  <ItemGroup><!--console-->
    <ClInclude Include="$(_2-0)test_case_$w$.con.h"><Filter>console\shared</Filter></ClInclude>
    <ClCompile Include="$(_2-0)test_case_$w$.con.cpp"><Filter>console\shared</Filter></ClCompile>
    <ClInclude Include="$(_2-0)test_case_$w$.con.pers.h"><Filter>console\shared</Filter></ClInclude>
    <ClCompile Include="$(_2-0)test_case_$w$.con.pers.cpp"><Filter>console\shared</Filter></ClCompile>
    <ClInclude Include="$(_2)test_adap_$w$.con.pers.h"><Filter>console</Filter></ClInclude>
    <ClCompile Include="$(_2)test_adap_$w$.con.pers.cpp"><Filter>console</Filter></ClCompile>
    <ClInclude Include="$(_2)test_adap_$w$.con.h"><Filter>console</Filter></ClInclude>
    <ClCompile Include="$(_2)test_adap_$w$.con.cpp"><Filter>console</Filter></ClCompile>
  </ItemGroup>
  <ItemGroup><!--console events-->
    <ClInclude Include="$(_2-0)test_case_$w$.con.evt.h"><Filter>console\event\shared</Filter></ClInclude>
    <ClCompile Include="$(_2-0)test_case_$w$.con.evt.cpp"><Filter>console\event\shared</Filter></ClCompile>
    <ClInclude Include="$(_2)test_adap_$w$.con.evt.h"><Filter>console\event</Filter></ClInclude>
    <ClCompile Include="$(_2)test_adap_$w$.con.evt.cpp"><Filter>console\event</Filter></ClCompile>
  </ItemGroup>
  <ItemGroup><!--console modes-->
    <ClInclude Include="$(_2-0)test_case_$w$.con.mode.h"><Filter>console\mode\shared</Filter></ClInclude>
    <ClCompile Include="$(_2-0)test_case_$w$.con.mode.cpp"><Filter>console\mode\shared</Filter></ClCompile>
    <ClInclude Include="$(_2)test_adap_$w$.con.mode.h"><Filter>console\mode</Filter></ClInclude>
    <ClCompile Include="$(_2)test_adap_$w$.con.mode.cpp"><Filter>console\mode</Filter></ClCompile>
  </ItemGroup>
  <ItemGroup><!--thread pool-->
    <ClInclude Include="$(_2-0)test_case_$w$.event.h"><Filter>thread\shared</Filter></ClInclude>
    <ClCompile Include="$(_2-0)test_case_$w$.event.cpp"><Filter>thread\shared</Filter></ClCompile>
    <ClInclude Include="$(_2-0)test_case_$w$.run.crt.h"><Filter>thread\shared</Filter></ClInclude>
    <ClCompile Include="$(_2-0)test_case_$w$.run.crt.cpp"><Filter>thread\shared</Filter></ClCompile>
    <ClInclude Include="$(_2-0)test_case_$w$.run.tpl.h"><Filter>thread\shared</Filter></ClInclude>
    <ClCompile Include="$(_2-0)test_case_$w$.run.tpl.cpp"><Filter>thread\shared</Filter></ClCompile>
    <ClInclude Include="$(_2)test_adap_$w$.thread.h"><Filter>thread</Filter></ClInclude>
    <ClCompile Include="$(_2)test_adap_$w$.thread.cpp"><Filter>thread</Filter></ClCompile>
  </ItemGroup>
  <ItemGroup>
    <ClInclude Include="$(_2-0)test_case_$w$.menu.h"><Filter>gui\shared</Filter></ClInclude>
    <ClCompile Include="$(_2-0)test_case_$w$.menu.cpp"><Filter>gui\shared</Filter></ClCompile>
    <ClInclude Include="$(_2)test_adap_$w$.menu.h"><Filter>gui</Filter></ClInclude>
    <ClCompile Include="$(_2)test_adap_$w$.menu.cpp"><Filter>gui</Filter></ClCompile>
  </ItemGroup>
</Project>