<?xml version="1.0" encoding="utf-8"?>
<Project ToolsVersion="4.0" xmlns="http://schemas.microsoft.com/developer/msbuild/2003">
  <ItemGroup>
    <Filter Include="interface">
      <UniqueIdentifier>{00000C13-EEEE-BBBB-6667-C00000060020}</UniqueIdentifier>
    </Filter>
    <Filter Include="src">
      <UniqueIdentifier>{00000C13-EEEE-BBBB-6667-C00000060021}</UniqueIdentifier>
    </Filter>
    <Filter Include="src\_prec">
      <UniqueIdentifier>{00000C13-EEEE-BBBB-6667-C00000060022}</UniqueIdentifier>
    </Filter>
    <Filter Include="interface\shared">
      <UniqueIdentifier>{00000C13-EEEE-BBBB-6667-C00000060023}</UniqueIdentifier>
    </Filter>
    <Filter Include="src\shared">
      <UniqueIdentifier>{00000C13-EEEE-BBBB-6667-C00000060024}</UniqueIdentifier>
    </Filter>
  </ItemGroup>
  <ItemGroup>
    <ClInclude Include="$(Shared)shared.std.afx.h"><Filter>src\_prec</Filter></ClInclude>
    <ClCompile Include="$(Shared)shared.std.afx.cpp"><Filter>src\_prec</Filter></ClCompile>
  </ItemGroup>
  <ItemGroup>
    <ClInclude Include="$(_2-0)ebo_test_$d$.builder.h"><Filter>interface\shared</Filter></ClInclude>
    <ClCompile Include="$(_2-0)ebo_test_$d$.builder.cpp"><Filter>src\shared</Filter></ClCompile>
  </ItemGroup>
  <ItemGroup>
    <ClInclude Include="$(_2)ebo_test_$d$.ctx.h"><Filter>interface</Filter></ClInclude>
    <ClCompile Include="$(_2)ebo_test_$d$.ctx.cpp"><Filter>src</Filter></ClCompile>
    <ClInclude Include="$(_2)ebo_test_$d$.defs.h"><Filter>interface</Filter></ClInclude>
    <ClCompile Include="$(_2)ebo_test_$d$.defs.cpp"><Filter>src</Filter></ClCompile>
    <ClInclude Include="$(_2)ebo_test_$d$.prog.h"><Filter>interface</Filter></ClInclude>
    <ClCompile Include="$(_2)ebo_test_$d$.prog.cpp"><Filter>src</Filter></ClCompile>
  </ItemGroup>
</Project>